
Microsoft Visual Studio Solution File, Format Version 12.00
# Visual Studio 14
VisualStudioVersion = 14.0.25420.1
MinimumVisualStudioVersion = 10.0.40219.1
Project("{FAE04EC0-301F-11D3-BF4B-00C04F79EFBC}") = "PX.Objects.Delta", "PX.Objects.Delta\PX.Objects.Delta.csproj", "{C9505C9B-5B66-4269-9CE7-4533BF173C8C}"
EndProject
Project("{E24C65DC-7377-472B-9ABA-BC803B73C61A}") = "Site", "Site\", "{797D1D6A-33DC-404C-B093-4E5231D1EB31}"
	ProjectSection(WebsiteProperties) = preProject
		TargetFrameworkMoniker = ".NETFramework,Version%3Dv4.5.1"
		ProjectReferences = "{c9505c9b-5b66-4269-9ce7-4533bf173c8c}|PX.Objects.Delta.dll;"
		Debug.AspNetCompiler.VirtualPath = "/localhost_49647"
		Debug.AspNetCompiler.PhysicalPath = "Site\"
		Debug.AspNetCompiler.TargetPath = "PrecompiledWeb\localhost_49647\"
		Debug.AspNetCompiler.Updateable = "true"
		Debug.AspNetCompiler.ForceOverwrite = "true"
		Debug.AspNetCompiler.FixedNames = "false"
		Debug.AspNetCompiler.Debug = "True"
		Release.AspNetCompiler.VirtualPath = "/localhost_49647"
		Release.AspNetCompiler.PhysicalPath = "Site\"
		Release.AspNetCompiler.TargetPath = "PrecompiledWeb\localhost_49647\"
		Release.AspNetCompiler.Updateable = "true"
		Release.AspNetCompiler.ForceOverwrite = "true"
		Release.AspNetCompiler.FixedNames = "false"
		Release.AspNetCompiler.Debug = "False"
		VWDPort = "49647"
		SlnRelativePath = "Site\"
	EndProjectSection
EndProject
Global
	GlobalSection(SolutionConfigurationPlatforms) = preSolution
		Debug|Any CPU = Debug|Any CPU
		Release|Any CPU = Release|Any CPU
	EndGlobalSection
	GlobalSection(ProjectConfigurationPlatforms) = postSolution
		{C9505C9B-5B66-4269-9CE7-4533BF173C8C}.Debug|Any CPU.ActiveCfg = Debug|Any CPU
		{C9505C9B-5B66-4269-9CE7-4533BF173C8C}.Debug|Any CPU.Build.0 = Debug|Any CPU
		{C9505C9B-5B66-4269-9CE7-4533BF173C8C}.Release|Any CPU.ActiveCfg = Release|Any CPU
		{C9505C9B-5B66-4269-9CE7-4533BF173C8C}.Release|Any CPU.Build.0 = Release|Any CPU
		{797D1D6A-33DC-404C-B093-4E5231D1EB31}.Debug|Any CPU.ActiveCfg = Debug|Any CPU
		{797D1D6A-33DC-404C-B093-4E5231D1EB31}.Release|Any CPU.ActiveCfg = Debug|Any CPU
	EndGlobalSection
	GlobalSection(SolutionProperties) = preSolution
		HideSolutionNode = FALSE
	EndGlobalSection
EndGlobal
